
Microsoft Visual Studio Solution File, Format Version 12.00
Project("{FAE04EC0-301F-11D3-BF4B-00C04F79EFBC}") = "ConsoleApp1", "ConsoleApp1\ConsoleApp1.csproj", "{EAB0A700-7DC7-476F-8D42-03DC20CA9B90}"
EndProject
Project("{FAE04EC0-301F-11D3-BF4B-00C04F79EFBC}") = "ConsoleApp2", "ConsoleApp2\ConsoleApp2.csproj", "{4132396A-95B3-4BE6-9945-056CDE494F19}"
EndProject
Project("{FAE04EC0-301F-11D3-BF4B-00C04F79EFBC}") = "ConsoleApp3", "ConsoleApp3\ConsoleApp3.csproj", "{940F51E4-8C7C-405D-8977-8ECDDB51C168}"
EndProject
Project("{FAE04EC0-301F-11D3-BF4B-00C04F79EFBC}") = "ConsoleApp4", "ConsoleApp4\ConsoleApp4.csproj", "{F357A2ED-41ED-426D-B5DA-A3104AA03755}"
EndProject
Project("{FAE04EC0-301F-11D3-BF4B-00C04F79EFBC}") = "ConsoleApp5", "ConsoleApp5\ConsoleApp5.csproj", "{59CD3E2A-EA1F-4699-A172-2F2CB99A6732}"
EndProject
Project("{FAE04EC0-301F-11D3-BF4B-00C04F79EFBC}") = "ConsoleApp6", "ConsoleApp6\ConsoleApp6.csproj", "{65E5C498-8763-4DFF-A717-67BDC054819C}"
EndProject
Project("{FAE04EC0-301F-11D3-BF4B-00C04F79EFBC}") = "ConsoleApp7", "ConsoleApp7\ConsoleApp7.csproj", "{BAEDD779-B511-4E48-9A1C-F04216798038}"
EndProject
Project("{FAE04EC0-301F-11D3-BF4B-00C04F79EFBC}") = "ConsoleApp8", "ConsoleApp8\ConsoleApp8.csproj", "{26ADEEB3-9B14-4315-815D-C81E0324AB66}"
EndProject
Project("{FAE04EC0-301F-11D3-BF4B-00C04F79EFBC}") = "ConsoleApp9", "ConsoleApp9\ConsoleApp9.csproj", "{D4DF0D05-1D2D-48A4-9978-C155E2B6CB54}"
EndProject
Project("{FAE04EC0-301F-11D3-BF4B-00C04F79EFBC}") = "ConsoleApp10", "ConsoleApp10\ConsoleApp10.csproj", "{AC616B7D-CAC0-4A8B-B964-97A29F86051B}"
EndProject
Project("{FAE04EC0-301F-11D3-BF4B-00C04F79EFBC}") = "ConsoleApp11", "ConsoleApp11\ConsoleApp11.csproj", "{C1932F83-91B8-4910-AA3F-00CB7BA0EE10}"
EndProject
Project("{FAE04EC0-301F-11D3-BF4B-00C04F79EFBC}") = "ConsoleApp12", "ConsoleApp12\ConsoleApp12.csproj", "{01096C13-9D47-4B07-AB91-F4D25BA113FE}"
EndProject
Project("{FAE04EC0-301F-11D3-BF4B-00C04F79EFBC}") = "ConsoleApp13", "ConsoleApp13\ConsoleApp13.csproj", "{663BFC48-D40A-4D5C-AD7F-4F1C3BD85CB0}"
EndProject
Project("{FAE04EC0-301F-11D3-BF4B-00C04F79EFBC}") = "ConsoleApp14", "ConsoleApp14\ConsoleApp14.csproj", "{604766ED-EFAC-4FD1-BFC8-4578D98C5B60}"
EndProject
Project("{FAE04EC0-301F-11D3-BF4B-00C04F79EFBC}") = "ConsoleApp15", "ConsoleApp15\ConsoleApp15.csproj", "{E20CB8EA-11B4-4B01-B4D7-CB9B34B6E876}"
EndProject
Project("{FAE04EC0-301F-11D3-BF4B-00C04F79EFBC}") = "ConsoleApp16", "ConsoleApp16\ConsoleApp16.csproj", "{5BBD1DE2-14C6-4FD4-9CAE-C529CF68A25A}"
EndProject
Project("{FAE04EC0-301F-11D3-BF4B-00C04F79EFBC}") = "ConsoleApp17", "ConsoleApp17\ConsoleApp17.csproj", "{71B1E8E3-E8E9-4547-A6D2-86B01860AEB2}"
EndProject
Project("{FAE04EC0-301F-11D3-BF4B-00C04F79EFBC}") = "ConsoleApp18", "ConsoleApp18\ConsoleApp18.csproj", "{7F2B1801-B806-4F91-9ED8-BF4FD5DFB161}"
EndProject
Project("{FAE04EC0-301F-11D3-BF4B-00C04F79EFBC}") = "ConsoleApp19", "ConsoleApp19\ConsoleApp19.csproj", "{0265DABB-2750-450A-A6A0-CB11D734D65C}"
EndProject
Project("{FAE04EC0-301F-11D3-BF4B-00C04F79EFBC}") = "ConsoleApp20", "ConsoleApp20\ConsoleApp20.csproj", "{18824D0E-0826-4EEA-BE83-0352FF509167}"
EndProject
Project("{FAE04EC0-301F-11D3-BF4B-00C04F79EFBC}") = "ConsoleApp21", "ConsoleApp21\ConsoleApp21.csproj", "{3D1542B2-75DD-4B3C-B956-C665FA83DAC0}"
EndProject
Project("{FAE04EC0-301F-11D3-BF4B-00C04F79EFBC}") = "ConsoleApp22", "ConsoleApp22\ConsoleApp22.csproj", "{4A60AFC1-2A3B-4095-A69E-46AE82AD192C}"
EndProject
Project("{FAE04EC0-301F-11D3-BF4B-00C04F79EFBC}") = "ConsoleApp23", "ConsoleApp23\ConsoleApp23.csproj", "{B3BD74DD-F152-4D00-A3E1-8D06D2D4D58A}"
EndProject
Project("{FAE04EC0-301F-11D3-BF4B-00C04F79EFBC}") = "ConsoleApp24", "ConsoleApp24\ConsoleApp24.csproj", "{90AA81C4-AAD0-4F76-89D7-025C8BB9B15E}"
EndProject
Project("{FAE04EC0-301F-11D3-BF4B-00C04F79EFBC}") = "ConsoleApp25", "ConsoleApp25\ConsoleApp25.csproj", "{88A01A16-A28F-4ADB-95BA-AC947DF7BB34}"
EndProject
Project("{FAE04EC0-301F-11D3-BF4B-00C04F79EFBC}") = "ConsoleApp26", "ConsoleApp26\ConsoleApp26.csproj", "{E8955E35-1D8D-4C0D-97B4-6A935EFA421F}"
EndProject
Project("{FAE04EC0-301F-11D3-BF4B-00C04F79EFBC}") = "ConsoleApp27", "ConsoleApp27\ConsoleApp27.csproj", "{FE8308DC-C3E0-4A56-A7F1-C76281112916}"
EndProject
Project("{FAE04EC0-301F-11D3-BF4B-00C04F79EFBC}") = "ConsoleApp28", "ConsoleApp28\ConsoleApp28.csproj", "{3C118E68-3DCE-4786-A93A-6CA31948BE1C}"
EndProject
Project("{FAE04EC0-301F-11D3-BF4B-00C04F79EFBC}") = "ConsoleApp29", "ConsoleApp29\ConsoleApp29.csproj", "{84B88169-AE0D-4A48-AAF6-31E3CC2F8645}"
EndProject
Project("{FAE04EC0-301F-11D3-BF4B-00C04F79EFBC}") = "ConsoleApp30", "ConsoleApp30\ConsoleApp30.csproj", "{640E2088-C47F-4EFC-ACAB-D679C28A1413}"
EndProject
Project("{FAE04EC0-301F-11D3-BF4B-00C04F79EFBC}") = "ConsoleApp31", "ConsoleApp31\ConsoleApp31.csproj", "{D313F3EB-FA21-4976-9E17-B1F293A16F25}"
EndProject
Project("{FAE04EC0-301F-11D3-BF4B-00C04F79EFBC}") = "ConsoleApp32", "ConsoleApp32\ConsoleApp32.csproj", "{8CBEBBC3-D8A4-4190-B39C-56BAAFE1AD59}"
EndProject
Project("{FAE04EC0-301F-11D3-BF4B-00C04F79EFBC}") = "ConsoleApp33", "ConsoleApp33\ConsoleApp33.csproj", "{AA10975F-90BE-472B-A518-74F2AE7B1203}"
EndProject
Project("{FAE04EC0-301F-11D3-BF4B-00C04F79EFBC}") = "ConsoleApp34", "ConsoleApp34\ConsoleApp34.csproj", "{A2EFA08C-3EF3-4838-8132-388BB6E1655B}"
EndProject
Project("{FAE04EC0-301F-11D3-BF4B-00C04F79EFBC}") = "ConsoleApp35", "ConsoleApp35\ConsoleApp35.csproj", "{97347738-CF85-42E0-AB0A-DCEC1472DF34}"
EndProject
Project("{FAE04EC0-301F-11D3-BF4B-00C04F79EFBC}") = "ConsoleApp36", "ConsoleApp36\ConsoleApp36.csproj", "{88F65754-2BFB-45B5-AC4E-F8F1B6F561C3}"
EndProject
Project("{FAE04EC0-301F-11D3-BF4B-00C04F79EFBC}") = "ConsoleApp37", "ConsoleApp37\ConsoleApp37.csproj", "{331C502B-1439-4B1E-8AF5-BDB5FA70F1D7}"
EndProject
Project("{FAE04EC0-301F-11D3-BF4B-00C04F79EFBC}") = "ConsoleApp38", "ConsoleApp38\ConsoleApp38.csproj", "{AC7E4FBC-B00D-4499-A3CA-B9B554DA506E}"
EndProject
Project("{FAE04EC0-301F-11D3-BF4B-00C04F79EFBC}") = "ConsoleApp39", "ConsoleApp39\ConsoleApp39.csproj", "{D8F47055-B915-4E13-A608-0EA3664B7D08}"
EndProject
Project("{FAE04EC0-301F-11D3-BF4B-00C04F79EFBC}") = "ConsoleApp40", "ConsoleApp40\ConsoleApp40.csproj", "{746751E5-B0A3-4F32-9326-B1BB8CE9592D}"
EndProject
Project("{FAE04EC0-301F-11D3-BF4B-00C04F79EFBC}") = "ConsoleApp41", "ConsoleApp41\ConsoleApp41.csproj", "{503DB8DD-0059-4BA7-959C-B744F0F83D9E}"
EndProject
Project("{FAE04EC0-301F-11D3-BF4B-00C04F79EFBC}") = "ConsoleApp42", "ConsoleApp42\ConsoleApp42.csproj", "{18A1755A-19D5-4181-BF8B-282617B4A306}"
EndProject
Project("{FAE04EC0-301F-11D3-BF4B-00C04F79EFBC}") = "ConsoleApp43", "ConsoleApp43\ConsoleApp43.csproj", "{559F9AAB-4628-4D2A-BB7A-5B51B858E847}"
EndProject
Project("{FAE04EC0-301F-11D3-BF4B-00C04F79EFBC}") = "ConsoleApp44", "ConsoleApp44\ConsoleApp44.csproj", "{336AB3E2-B111-4810-B9E0-33022768EDBE}"
EndProject
Project("{FAE04EC0-301F-11D3-BF4B-00C04F79EFBC}") = "ConsoleApp45", "ConsoleApp45\ConsoleApp45.csproj", "{2786D12D-407C-4B6D-AC6B-ACB1E758A327}"
EndProject
Project("{FAE04EC0-301F-11D3-BF4B-00C04F79EFBC}") = "ConsoleApp46", "ConsoleApp46\ConsoleApp46.csproj", "{BE52EBE0-1960-43BE-8126-FA954E79FD2C}"
EndProject
Project("{FAE04EC0-301F-11D3-BF4B-00C04F79EFBC}") = "ConsoleApp47", "ConsoleApp47\ConsoleApp47.csproj", "{F1FBD176-3706-4075-BF3F-DC20004B53C0}"
EndProject
Project("{FAE04EC0-301F-11D3-BF4B-00C04F79EFBC}") = "ConsoleApp48", "ConsoleApp48\ConsoleApp48.csproj", "{3849F85F-3A10-4AF1-96E3-EB2D20FC8F5F}"
EndProject
Project("{FAE04EC0-301F-11D3-BF4B-00C04F79EFBC}") = "ConsoleApp49", "ConsoleApp49\ConsoleApp49.csproj", "{D145BDC4-4CAB-443D-9E69-B568FAB2216E}"
EndProject
Project("{FAE04EC0-301F-11D3-BF4B-00C04F79EFBC}") = "ConsoleApp50", "ConsoleApp50\ConsoleApp50.csproj", "{CBA1123E-AE6A-4406-BD43-9514F95F4A1F}"
EndProject
Project("{FAE04EC0-301F-11D3-BF4B-00C04F79EFBC}") = "ConsoleApp51", "ConsoleApp51\ConsoleApp51.csproj", "{0251DF39-2446-42AA-9120-E097404A4369}"
EndProject
Project("{FAE04EC0-301F-11D3-BF4B-00C04F79EFBC}") = "ConsoleApp52", "ConsoleApp52\ConsoleApp52.csproj", "{F5CBB62E-1291-40BA-9CA5-65845DF8F815}"
EndProject
Project("{FAE04EC0-301F-11D3-BF4B-00C04F79EFBC}") = "ConsoleApp53", "ConsoleApp53\ConsoleApp53.csproj", "{D9C4D7B9-A918-4FFF-9A93-A8A562393762}"
EndProject
Project("{FAE04EC0-301F-11D3-BF4B-00C04F79EFBC}") = "ConsoleApp54", "ConsoleApp54\ConsoleApp54.csproj", "{07D6846E-D71C-45E9-8341-7484ABAB5AC0}"
EndProject
Project("{FAE04EC0-301F-11D3-BF4B-00C04F79EFBC}") = "ConsoleApp55", "ConsoleApp55\ConsoleApp55.csproj", "{F826643A-4D87-422F-8974-929DA6CEFDAE}"
EndProject
Project("{FAE04EC0-301F-11D3-BF4B-00C04F79EFBC}") = "ConsoleApp56", "ConsoleApp56\ConsoleApp56.csproj", "{48DC3D49-56D6-42BC-869D-772A8DBBF63F}"
EndProject
Project("{FAE04EC0-301F-11D3-BF4B-00C04F79EFBC}") = "ConsoleApp57", "ConsoleApp57\ConsoleApp57.csproj", "{D74F0E1B-73A8-45D2-BD09-D01C0172B0E0}"
EndProject
Project("{FAE04EC0-301F-11D3-BF4B-00C04F79EFBC}") = "ConsoleApp58", "ConsoleApp58\ConsoleApp58.csproj", "{331C2C24-23DE-4C88-A26B-5F863E8198BE}"
EndProject
Project("{FAE04EC0-301F-11D3-BF4B-00C04F79EFBC}") = "ConsoleApp59", "ConsoleApp59\ConsoleApp59.csproj", "{7D294FC1-3D2D-4BD4-81E9-BB71A22302A5}"
EndProject
Project("{FAE04EC0-301F-11D3-BF4B-00C04F79EFBC}") = "ConsoleApp60", "ConsoleApp60\ConsoleApp60.csproj", "{5703B595-FFA6-4277-9581-F5A93048A541}"
EndProject
Project("{FAE04EC0-301F-11D3-BF4B-00C04F79EFBC}") = "ConsoleApp61", "ConsoleApp61\ConsoleApp61.csproj", "{8F5B3245-544E-41F9-BBA7-407E5BE3E002}"
EndProject
Project("{FAE04EC0-301F-11D3-BF4B-00C04F79EFBC}") = "ConsoleApp62", "ConsoleApp62\ConsoleApp62.csproj", "{5F366AEE-3BB0-4AB4-8FC0-9815A18C6502}"
EndProject
Project("{FAE04EC0-301F-11D3-BF4B-00C04F79EFBC}") = "ConsoleApp63", "ConsoleApp63\ConsoleApp63.csproj", "{9B3E1B47-B698-4CF0-8E37-39FE7070B752}"
EndProject
Project("{FAE04EC0-301F-11D3-BF4B-00C04F79EFBC}") = "ConsoleApp64", "ConsoleApp64\ConsoleApp64.csproj", "{A1737A68-6589-46B1-8FEE-C0E499151F5D}"
EndProject
Project("{FAE04EC0-301F-11D3-BF4B-00C04F79EFBC}") = "ConsoleApp65", "ConsoleApp65\ConsoleApp65.csproj", "{DE6A2593-134C-43BF-82A9-26C230F9F97B}"
EndProject
Project("{FAE04EC0-301F-11D3-BF4B-00C04F79EFBC}") = "ConsoleApp66", "ConsoleApp66\ConsoleApp66.csproj", "{B146A434-86C8-4AD8-9EC4-BAD25003732E}"
EndProject
Project("{FAE04EC0-301F-11D3-BF4B-00C04F79EFBC}") = "ConsoleApp67", "ConsoleApp67\ConsoleApp67.csproj", "{F937F3E8-B922-4816-B468-B627053AFAFF}"
EndProject
Project("{FAE04EC0-301F-11D3-BF4B-00C04F79EFBC}") = "ConsoleApp68", "ConsoleApp68\ConsoleApp68.csproj", "{8D3A0B5B-C9FA-41B5-8906-3875D1061577}"
EndProject
Project("{FAE04EC0-301F-11D3-BF4B-00C04F79EFBC}") = "ConsoleApp69", "ConsoleApp69\ConsoleApp69.csproj", "{BC0D4F21-C67F-4D15-AD16-DB87865F4325}"
EndProject
Project("{FAE04EC0-301F-11D3-BF4B-00C04F79EFBC}") = "ConsoleApp70", "ConsoleApp70\ConsoleApp70.csproj", "{1A4C2FDE-C434-4A30-8025-E14E9000F1FD}"
EndProject
Project("{FAE04EC0-301F-11D3-BF4B-00C04F79EFBC}") = "ConsoleApp71", "ConsoleApp71\ConsoleApp71.csproj", "{1FEE0402-7853-4D8A-96B8-C6FA9AB0C3A8}"
EndProject
Project("{FAE04EC0-301F-11D3-BF4B-00C04F79EFBC}") = "ConsoleApp72", "ConsoleApp72\ConsoleApp72.csproj", "{1430FF7D-63F7-4FD1-83EB-61A94573AA41}"
EndProject
Project("{FAE04EC0-301F-11D3-BF4B-00C04F79EFBC}") = "ConsoleApp73", "ConsoleApp73\ConsoleApp73.csproj", "{62A1738B-FB2B-443F-94C9-C35014E716F4}"
EndProject
Project("{FAE04EC0-301F-11D3-BF4B-00C04F79EFBC}") = "ConsoleApp74", "ConsoleApp74\ConsoleApp74.csproj", "{094A535B-FC14-479C-B674-6E1B8A974233}"
EndProject
Project("{FAE04EC0-301F-11D3-BF4B-00C04F79EFBC}") = "ConsoleApp75", "ConsoleApp75\ConsoleApp75.csproj", "{A632B254-F22D-4F45-B195-F716E54B3545}"
EndProject
Project("{FAE04EC0-301F-11D3-BF4B-00C04F79EFBC}") = "ConsoleApp76", "ConsoleApp76\ConsoleApp76.csproj", "{763B420F-EEB6-49E8-8609-2E017C960AC4}"
EndProject
Project("{FAE04EC0-301F-11D3-BF4B-00C04F79EFBC}") = "ConsoleApp77", "ConsoleApp77\ConsoleApp77.csproj", "{5500E242-E536-4F5A-88E2-A2C4D8E4F813}"
EndProject
Project("{FAE04EC0-301F-11D3-BF4B-00C04F79EFBC}") = "ConsoleApp78", "ConsoleApp78\ConsoleApp78.csproj", "{B79C022E-261F-4A1B-BD2D-C927EA2F3E10}"
EndProject
Project("{FAE04EC0-301F-11D3-BF4B-00C04F79EFBC}") = "ConsoleApp79", "ConsoleApp79\ConsoleApp79.csproj", "{FF10DBFD-9BFE-49D6-B1C1-A6CB89B6BB6D}"
EndProject
Project("{FAE04EC0-301F-11D3-BF4B-00C04F79EFBC}") = "ConsoleApp80", "ConsoleApp80\ConsoleApp80.csproj", "{9AEBBB27-BEF4-44CA-8C72-7260A58E4AF5}"
EndProject
Project("{FAE04EC0-301F-11D3-BF4B-00C04F79EFBC}") = "ConsoleApp81", "ConsoleApp81\ConsoleApp81.csproj", "{DFCE1EB8-DF39-4A42-989B-A19B16BDABA7}"
EndProject
Project("{FAE04EC0-301F-11D3-BF4B-00C04F79EFBC}") = "ConsoleApp82", "ConsoleApp82\ConsoleApp82.csproj", "{248699F4-8D98-40BA-BC57-2E13A853899F}"
EndProject
Project("{FAE04EC0-301F-11D3-BF4B-00C04F79EFBC}") = "ConsoleApp83", "ConsoleApp83\ConsoleApp83.csproj", "{5C070738-F7D3-46A0-9ABE-B487A442F5A1}"
EndProject
Project("{FAE04EC0-301F-11D3-BF4B-00C04F79EFBC}") = "ConsoleApp84", "ConsoleApp84\ConsoleApp84.csproj", "{E6AEE839-7FD5-428C-AC27-8C2E15BC3A84}"
EndProject
Project("{FAE04EC0-301F-11D3-BF4B-00C04F79EFBC}") = "ConsoleApp85", "ConsoleApp85\ConsoleApp85.csproj", "{EB0B6A11-43E2-44DC-9213-EDB80B08B99F}"
EndProject
Project("{FAE04EC0-301F-11D3-BF4B-00C04F79EFBC}") = "ConsoleApp86", "ConsoleApp86\ConsoleApp86.csproj", "{08EDDBED-A034-49BF-92EA-2E57CA7BC5B0}"
EndProject
Project("{FAE04EC0-301F-11D3-BF4B-00C04F79EFBC}") = "ConsoleApp87", "ConsoleApp87\ConsoleApp87.csproj", "{8259EEDD-30CE-4C9F-99B4-2C13219D076E}"
EndProject
Project("{FAE04EC0-301F-11D3-BF4B-00C04F79EFBC}") = "ConsoleApp88", "ConsoleApp88\ConsoleApp88.csproj", "{1823C115-41EC-471D-9CA9-894B005DEE48}"
EndProject
Project("{FAE04EC0-301F-11D3-BF4B-00C04F79EFBC}") = "ConsoleApp89", "ConsoleApp89\ConsoleApp89.csproj", "{940C306A-2B85-4910-9E46-DCE65A434AC7}"
EndProject
Project("{FAE04EC0-301F-11D3-BF4B-00C04F79EFBC}") = "ConsoleApp90", "ConsoleApp90\ConsoleApp90.csproj", "{A113DF78-9EA5-4B23-8B13-510DEC7F1EDA}"
EndProject
Project("{FAE04EC0-301F-11D3-BF4B-00C04F79EFBC}") = "ConsoleApp91", "ConsoleApp91\ConsoleApp91.csproj", "{78A9497C-53AC-4D96-AEF2-121C2EC13B95}"
EndProject
Project("{FAE04EC0-301F-11D3-BF4B-00C04F79EFBC}") = "ConsoleApp92", "ConsoleApp92\ConsoleApp92.csproj", "{7ACADB53-1920-4689-ADFA-D2CF3680A825}"
EndProject
Project("{FAE04EC0-301F-11D3-BF4B-00C04F79EFBC}") = "ConsoleApp93", "ConsoleApp93\ConsoleApp93.csproj", "{A7990681-D8A4-4005-8E62-BCCCB6C1D139}"
EndProject
Project("{FAE04EC0-301F-11D3-BF4B-00C04F79EFBC}") = "ConsoleApp94", "ConsoleApp94\ConsoleApp94.csproj", "{F4B46030-EC2A-4913-88DF-B5CF57738DA1}"
EndProject
Project("{FAE04EC0-301F-11D3-BF4B-00C04F79EFBC}") = "ConsoleApp95", "ConsoleApp95\ConsoleApp95.csproj", "{31CC075D-516F-4955-B65E-0A7CC1F0CE24}"
EndProject
Project("{FAE04EC0-301F-11D3-BF4B-00C04F79EFBC}") = "ConsoleApp96", "ConsoleApp96\ConsoleApp96.csproj", "{820BE37D-981E-4A9E-9F13-42B95E1678CE}"
EndProject
Project("{FAE04EC0-301F-11D3-BF4B-00C04F79EFBC}") = "ConsoleApp97", "ConsoleApp97\ConsoleApp97.csproj", "{3BF53A0A-1481-47B7-A7C0-E3C3AB6C4A79}"
EndProject
Project("{FAE04EC0-301F-11D3-BF4B-00C04F79EFBC}") = "ConsoleApp98", "ConsoleApp98\ConsoleApp98.csproj", "{DBC610BE-1539-4EE7-AA2F-B7AD4553177F}"
EndProject
Project("{FAE04EC0-301F-11D3-BF4B-00C04F79EFBC}") = "ConsoleApp99", "ConsoleApp99\ConsoleApp99.csproj", "{2E698126-E60B-43C3-85E3-0C7BFFE9B543}"
EndProject
Project("{FAE04EC0-301F-11D3-BF4B-00C04F79EFBC}") = "ConsoleApp100", "ConsoleApp100\ConsoleApp100.csproj", "{A19642C7-6BA6-466F-994D-7867AB41B59F}"
EndProject
Project("{FAE04EC0-301F-11D3-BF4B-00C04F79EFBC}") = "ConsoleApp101", "ConsoleApp101\ConsoleApp101.csproj", "{3EC2200D-3694-45A2-B010-4B50C63B165A}"
EndProject
Project("{FAE04EC0-301F-11D3-BF4B-00C04F79EFBC}") = "ConsoleApp102", "ConsoleApp102\ConsoleApp102.csproj", "{5009A2D6-F25B-4BC7-BEF8-89096E9D116D}"
EndProject
Project("{FAE04EC0-301F-11D3-BF4B-00C04F79EFBC}") = "ConsoleApp103", "ConsoleApp103\ConsoleApp103.csproj", "{A14C4F71-B00B-4C2C-8A85-D36E2CBDCEFF}"
EndProject
Project("{FAE04EC0-301F-11D3-BF4B-00C04F79EFBC}") = "ConsoleApp104", "ConsoleApp104\ConsoleApp104.csproj", "{5F58CF89-CA26-482F-A6B5-9B516A382206}"
EndProject
Project("{FAE04EC0-301F-11D3-BF4B-00C04F79EFBC}") = "ConsoleApp105", "ConsoleApp105\ConsoleApp105.csproj", "{169DD8BD-9469-4D9E-95ED-E1E091EA265C}"
EndProject
Global
	GlobalSection(SolutionConfigurationPlatforms) = preSolution
		Debug|Any CPU = Debug|Any CPU
		Release|Any CPU = Release|Any CPU
	EndGlobalSection
	GlobalSection(ProjectConfigurationPlatforms) = postSolution
		{EAB0A700-7DC7-476F-8D42-03DC20CA9B90}.Debug|Any CPU.ActiveCfg = Debug|Any CPU
		{EAB0A700-7DC7-476F-8D42-03DC20CA9B90}.Debug|Any CPU.Build.0 = Debug|Any CPU
		{EAB0A700-7DC7-476F-8D42-03DC20CA9B90}.Release|Any CPU.ActiveCfg = Release|Any CPU
		{EAB0A700-7DC7-476F-8D42-03DC20CA9B90}.Release|Any CPU.Build.0 = Release|Any CPU
		{4132396A-95B3-4BE6-9945-056CDE494F19}.Debug|Any CPU.ActiveCfg = Debug|Any CPU
		{4132396A-95B3-4BE6-9945-056CDE494F19}.Debug|Any CPU.Build.0 = Debug|Any CPU
		{4132396A-95B3-4BE6-9945-056CDE494F19}.Release|Any CPU.ActiveCfg = Release|Any CPU
		{4132396A-95B3-4BE6-9945-056CDE494F19}.Release|Any CPU.Build.0 = Release|Any CPU
		{940F51E4-8C7C-405D-8977-8ECDDB51C168}.Debug|Any CPU.ActiveCfg = Debug|Any CPU
		{940F51E4-8C7C-405D-8977-8ECDDB51C168}.Debug|Any CPU.Build.0 = Debug|Any CPU
		{940F51E4-8C7C-405D-8977-8ECDDB51C168}.Release|Any CPU.ActiveCfg = Release|Any CPU
		{940F51E4-8C7C-405D-8977-8ECDDB51C168}.Release|Any CPU.Build.0 = Release|Any CPU
		{F357A2ED-41ED-426D-B5DA-A3104AA03755}.Debug|Any CPU.ActiveCfg = Debug|Any CPU
		{F357A2ED-41ED-426D-B5DA-A3104AA03755}.Debug|Any CPU.Build.0 = Debug|Any CPU
		{F357A2ED-41ED-426D-B5DA-A3104AA03755}.Release|Any CPU.ActiveCfg = Release|Any CPU
		{F357A2ED-41ED-426D-B5DA-A3104AA03755}.Release|Any CPU.Build.0 = Release|Any CPU
		{59CD3E2A-EA1F-4699-A172-2F2CB99A6732}.Debug|Any CPU.ActiveCfg = Debug|Any CPU
		{59CD3E2A-EA1F-4699-A172-2F2CB99A6732}.Debug|Any CPU.Build.0 = Debug|Any CPU
		{59CD3E2A-EA1F-4699-A172-2F2CB99A6732}.Release|Any CPU.ActiveCfg = Release|Any CPU
		{59CD3E2A-EA1F-4699-A172-2F2CB99A6732}.Release|Any CPU.Build.0 = Release|Any CPU
		{65E5C498-8763-4DFF-A717-67BDC054819C}.Debug|Any CPU.ActiveCfg = Debug|Any CPU
		{65E5C498-8763-4DFF-A717-67BDC054819C}.Debug|Any CPU.Build.0 = Debug|Any CPU
		{65E5C498-8763-4DFF-A717-67BDC054819C}.Release|Any CPU.ActiveCfg = Release|Any CPU
		{65E5C498-8763-4DFF-A717-67BDC054819C}.Release|Any CPU.Build.0 = Release|Any CPU
		{BAEDD779-B511-4E48-9A1C-F04216798038}.Debug|Any CPU.ActiveCfg = Debug|Any CPU
		{BAEDD779-B511-4E48-9A1C-F04216798038}.Debug|Any CPU.Build.0 = Debug|Any CPU
		{BAEDD779-B511-4E48-9A1C-F04216798038}.Release|Any CPU.ActiveCfg = Release|Any CPU
		{BAEDD779-B511-4E48-9A1C-F04216798038}.Release|Any CPU.Build.0 = Release|Any CPU
		{26ADEEB3-9B14-4315-815D-C81E0324AB66}.Debug|Any CPU.ActiveCfg = Debug|Any CPU
		{26ADEEB3-9B14-4315-815D-C81E0324AB66}.Debug|Any CPU.Build.0 = Debug|Any CPU
		{26ADEEB3-9B14-4315-815D-C81E0324AB66}.Release|Any CPU.ActiveCfg = Release|Any CPU
		{26ADEEB3-9B14-4315-815D-C81E0324AB66}.Release|Any CPU.Build.0 = Release|Any CPU
		{D4DF0D05-1D2D-48A4-9978-C155E2B6CB54}.Debug|Any CPU.ActiveCfg = Debug|Any CPU
		{D4DF0D05-1D2D-48A4-9978-C155E2B6CB54}.Debug|Any CPU.Build.0 = Debug|Any CPU
		{D4DF0D05-1D2D-48A4-9978-C155E2B6CB54}.Release|Any CPU.ActiveCfg = Release|Any CPU
		{D4DF0D05-1D2D-48A4-9978-C155E2B6CB54}.Release|Any CPU.Build.0 = Release|Any CPU
		{AC616B7D-CAC0-4A8B-B964-97A29F86051B}.Debug|Any CPU.ActiveCfg = Debug|Any CPU
		{AC616B7D-CAC0-4A8B-B964-97A29F86051B}.Debug|Any CPU.Build.0 = Debug|Any CPU
		{AC616B7D-CAC0-4A8B-B964-97A29F86051B}.Release|Any CPU.ActiveCfg = Release|Any CPU
		{AC616B7D-CAC0-4A8B-B964-97A29F86051B}.Release|Any CPU.Build.0 = Release|Any CPU
		{C1932F83-91B8-4910-AA3F-00CB7BA0EE10}.Debug|Any CPU.ActiveCfg = Debug|Any CPU
		{C1932F83-91B8-4910-AA3F-00CB7BA0EE10}.Debug|Any CPU.Build.0 = Debug|Any CPU
		{C1932F83-91B8-4910-AA3F-00CB7BA0EE10}.Release|Any CPU.ActiveCfg = Release|Any CPU
		{C1932F83-91B8-4910-AA3F-00CB7BA0EE10}.Release|Any CPU.Build.0 = Release|Any CPU
		{01096C13-9D47-4B07-AB91-F4D25BA113FE}.Debug|Any CPU.ActiveCfg = Debug|Any CPU
		{01096C13-9D47-4B07-AB91-F4D25BA113FE}.Debug|Any CPU.Build.0 = Debug|Any CPU
		{01096C13-9D47-4B07-AB91-F4D25BA113FE}.Release|Any CPU.ActiveCfg = Release|Any CPU
		{01096C13-9D47-4B07-AB91-F4D25BA113FE}.Release|Any CPU.Build.0 = Release|Any CPU
		{663BFC48-D40A-4D5C-AD7F-4F1C3BD85CB0}.Debug|Any CPU.ActiveCfg = Debug|Any CPU
		{663BFC48-D40A-4D5C-AD7F-4F1C3BD85CB0}.Debug|Any CPU.Build.0 = Debug|Any CPU
		{663BFC48-D40A-4D5C-AD7F-4F1C3BD85CB0}.Release|Any CPU.ActiveCfg = Release|Any CPU
		{663BFC48-D40A-4D5C-AD7F-4F1C3BD85CB0}.Release|Any CPU.Build.0 = Release|Any CPU
		{604766ED-EFAC-4FD1-BFC8-4578D98C5B60}.Debug|Any CPU.ActiveCfg = Debug|Any CPU
		{604766ED-EFAC-4FD1-BFC8-4578D98C5B60}.Debug|Any CPU.Build.0 = Debug|Any CPU
		{604766ED-EFAC-4FD1-BFC8-4578D98C5B60}.Release|Any CPU.ActiveCfg = Release|Any CPU
		{604766ED-EFAC-4FD1-BFC8-4578D98C5B60}.Release|Any CPU.Build.0 = Release|Any CPU
		{E20CB8EA-11B4-4B01-B4D7-CB9B34B6E876}.Debug|Any CPU.ActiveCfg = Debug|Any CPU
		{E20CB8EA-11B4-4B01-B4D7-CB9B34B6E876}.Debug|Any CPU.Build.0 = Debug|Any CPU
		{E20CB8EA-11B4-4B01-B4D7-CB9B34B6E876}.Release|Any CPU.ActiveCfg = Release|Any CPU
		{E20CB8EA-11B4-4B01-B4D7-CB9B34B6E876}.Release|Any CPU.Build.0 = Release|Any CPU
		{5BBD1DE2-14C6-4FD4-9CAE-C529CF68A25A}.Debug|Any CPU.ActiveCfg = Debug|Any CPU
		{5BBD1DE2-14C6-4FD4-9CAE-C529CF68A25A}.Debug|Any CPU.Build.0 = Debug|Any CPU
		{5BBD1DE2-14C6-4FD4-9CAE-C529CF68A25A}.Release|Any CPU.ActiveCfg = Release|Any CPU
		{5BBD1DE2-14C6-4FD4-9CAE-C529CF68A25A}.Release|Any CPU.Build.0 = Release|Any CPU
		{71B1E8E3-E8E9-4547-A6D2-86B01860AEB2}.Debug|Any CPU.ActiveCfg = Debug|Any CPU
		{71B1E8E3-E8E9-4547-A6D2-86B01860AEB2}.Debug|Any CPU.Build.0 = Debug|Any CPU
		{71B1E8E3-E8E9-4547-A6D2-86B01860AEB2}.Release|Any CPU.ActiveCfg = Release|Any CPU
		{71B1E8E3-E8E9-4547-A6D2-86B01860AEB2}.Release|Any CPU.Build.0 = Release|Any CPU
		{7F2B1801-B806-4F91-9ED8-BF4FD5DFB161}.Debug|Any CPU.ActiveCfg = Debug|Any CPU
		{7F2B1801-B806-4F91-9ED8-BF4FD5DFB161}.Debug|Any CPU.Build.0 = Debug|Any CPU
		{7F2B1801-B806-4F91-9ED8-BF4FD5DFB161}.Release|Any CPU.ActiveCfg = Release|Any CPU
		{7F2B1801-B806-4F91-9ED8-BF4FD5DFB161}.Release|Any CPU.Build.0 = Release|Any CPU
		{0265DABB-2750-450A-A6A0-CB11D734D65C}.Debug|Any CPU.ActiveCfg = Debug|Any CPU
		{0265DABB-2750-450A-A6A0-CB11D734D65C}.Debug|Any CPU.Build.0 = Debug|Any CPU
		{0265DABB-2750-450A-A6A0-CB11D734D65C}.Release|Any CPU.ActiveCfg = Release|Any CPU
		{0265DABB-2750-450A-A6A0-CB11D734D65C}.Release|Any CPU.Build.0 = Release|Any CPU
		{18824D0E-0826-4EEA-BE83-0352FF509167}.Debug|Any CPU.ActiveCfg = Debug|Any CPU
		{18824D0E-0826-4EEA-BE83-0352FF509167}.Debug|Any CPU.Build.0 = Debug|Any CPU
		{18824D0E-0826-4EEA-BE83-0352FF509167}.Release|Any CPU.ActiveCfg = Release|Any CPU
		{18824D0E-0826-4EEA-BE83-0352FF509167}.Release|Any CPU.Build.0 = Release|Any CPU
		{3D1542B2-75DD-4B3C-B956-C665FA83DAC0}.Debug|Any CPU.ActiveCfg = Debug|Any CPU
		{3D1542B2-75DD-4B3C-B956-C665FA83DAC0}.Debug|Any CPU.Build.0 = Debug|Any CPU
		{3D1542B2-75DD-4B3C-B956-C665FA83DAC0}.Release|Any CPU.ActiveCfg = Release|Any CPU
		{3D1542B2-75DD-4B3C-B956-C665FA83DAC0}.Release|Any CPU.Build.0 = Release|Any CPU
		{4A60AFC1-2A3B-4095-A69E-46AE82AD192C}.Debug|Any CPU.ActiveCfg = Debug|Any CPU
		{4A60AFC1-2A3B-4095-A69E-46AE82AD192C}.Debug|Any CPU.Build.0 = Debug|Any CPU
		{4A60AFC1-2A3B-4095-A69E-46AE82AD192C}.Release|Any CPU.ActiveCfg = Release|Any CPU
		{4A60AFC1-2A3B-4095-A69E-46AE82AD192C}.Release|Any CPU.Build.0 = Release|Any CPU
		{B3BD74DD-F152-4D00-A3E1-8D06D2D4D58A}.Debug|Any CPU.ActiveCfg = Debug|Any CPU
		{B3BD74DD-F152-4D00-A3E1-8D06D2D4D58A}.Debug|Any CPU.Build.0 = Debug|Any CPU
		{B3BD74DD-F152-4D00-A3E1-8D06D2D4D58A}.Release|Any CPU.ActiveCfg = Release|Any CPU
		{B3BD74DD-F152-4D00-A3E1-8D06D2D4D58A}.Release|Any CPU.Build.0 = Release|Any CPU
		{90AA81C4-AAD0-4F76-89D7-025C8BB9B15E}.Debug|Any CPU.ActiveCfg = Debug|Any CPU
		{90AA81C4-AAD0-4F76-89D7-025C8BB9B15E}.Debug|Any CPU.Build.0 = Debug|Any CPU
		{90AA81C4-AAD0-4F76-89D7-025C8BB9B15E}.Release|Any CPU.ActiveCfg = Release|Any CPU
		{90AA81C4-AAD0-4F76-89D7-025C8BB9B15E}.Release|Any CPU.Build.0 = Release|Any CPU
		{88A01A16-A28F-4ADB-95BA-AC947DF7BB34}.Debug|Any CPU.ActiveCfg = Debug|Any CPU
		{88A01A16-A28F-4ADB-95BA-AC947DF7BB34}.Debug|Any CPU.Build.0 = Debug|Any CPU
		{88A01A16-A28F-4ADB-95BA-AC947DF7BB34}.Release|Any CPU.ActiveCfg = Release|Any CPU
		{88A01A16-A28F-4ADB-95BA-AC947DF7BB34}.Release|Any CPU.Build.0 = Release|Any CPU
		{E8955E35-1D8D-4C0D-97B4-6A935EFA421F}.Debug|Any CPU.ActiveCfg = Debug|Any CPU
		{E8955E35-1D8D-4C0D-97B4-6A935EFA421F}.Debug|Any CPU.Build.0 = Debug|Any CPU
		{E8955E35-1D8D-4C0D-97B4-6A935EFA421F}.Release|Any CPU.ActiveCfg = Release|Any CPU
		{E8955E35-1D8D-4C0D-97B4-6A935EFA421F}.Release|Any CPU.Build.0 = Release|Any CPU
		{FE8308DC-C3E0-4A56-A7F1-C76281112916}.Debug|Any CPU.ActiveCfg = Debug|Any CPU
		{FE8308DC-C3E0-4A56-A7F1-C76281112916}.Debug|Any CPU.Build.0 = Debug|Any CPU
		{FE8308DC-C3E0-4A56-A7F1-C76281112916}.Release|Any CPU.ActiveCfg = Release|Any CPU
		{FE8308DC-C3E0-4A56-A7F1-C76281112916}.Release|Any CPU.Build.0 = Release|Any CPU
		{3C118E68-3DCE-4786-A93A-6CA31948BE1C}.Debug|Any CPU.ActiveCfg = Debug|Any CPU
		{3C118E68-3DCE-4786-A93A-6CA31948BE1C}.Debug|Any CPU.Build.0 = Debug|Any CPU
		{3C118E68-3DCE-4786-A93A-6CA31948BE1C}.Release|Any CPU.ActiveCfg = Release|Any CPU
		{3C118E68-3DCE-4786-A93A-6CA31948BE1C}.Release|Any CPU.Build.0 = Release|Any CPU
		{84B88169-AE0D-4A48-AAF6-31E3CC2F8645}.Debug|Any CPU.ActiveCfg = Debug|Any CPU
		{84B88169-AE0D-4A48-AAF6-31E3CC2F8645}.Debug|Any CPU.Build.0 = Debug|Any CPU
		{84B88169-AE0D-4A48-AAF6-31E3CC2F8645}.Release|Any CPU.ActiveCfg = Release|Any CPU
		{84B88169-AE0D-4A48-AAF6-31E3CC2F8645}.Release|Any CPU.Build.0 = Release|Any CPU
		{640E2088-C47F-4EFC-ACAB-D679C28A1413}.Debug|Any CPU.ActiveCfg = Debug|Any CPU
		{640E2088-C47F-4EFC-ACAB-D679C28A1413}.Debug|Any CPU.Build.0 = Debug|Any CPU
		{640E2088-C47F-4EFC-ACAB-D679C28A1413}.Release|Any CPU.ActiveCfg = Release|Any CPU
		{640E2088-C47F-4EFC-ACAB-D679C28A1413}.Release|Any CPU.Build.0 = Release|Any CPU
		{D313F3EB-FA21-4976-9E17-B1F293A16F25}.Debug|Any CPU.ActiveCfg = Debug|Any CPU
		{D313F3EB-FA21-4976-9E17-B1F293A16F25}.Debug|Any CPU.Build.0 = Debug|Any CPU
		{D313F3EB-FA21-4976-9E17-B1F293A16F25}.Release|Any CPU.ActiveCfg = Release|Any CPU
		{D313F3EB-FA21-4976-9E17-B1F293A16F25}.Release|Any CPU.Build.0 = Release|Any CPU
		{8CBEBBC3-D8A4-4190-B39C-56BAAFE1AD59}.Debug|Any CPU.ActiveCfg = Debug|Any CPU
		{8CBEBBC3-D8A4-4190-B39C-56BAAFE1AD59}.Debug|Any CPU.Build.0 = Debug|Any CPU
		{8CBEBBC3-D8A4-4190-B39C-56BAAFE1AD59}.Release|Any CPU.ActiveCfg = Release|Any CPU
		{8CBEBBC3-D8A4-4190-B39C-56BAAFE1AD59}.Release|Any CPU.Build.0 = Release|Any CPU
		{AA10975F-90BE-472B-A518-74F2AE7B1203}.Debug|Any CPU.ActiveCfg = Debug|Any CPU
		{AA10975F-90BE-472B-A518-74F2AE7B1203}.Debug|Any CPU.Build.0 = Debug|Any CPU
		{AA10975F-90BE-472B-A518-74F2AE7B1203}.Release|Any CPU.ActiveCfg = Release|Any CPU
		{AA10975F-90BE-472B-A518-74F2AE7B1203}.Release|Any CPU.Build.0 = Release|Any CPU
		{A2EFA08C-3EF3-4838-8132-388BB6E1655B}.Debug|Any CPU.ActiveCfg = Debug|Any CPU
		{A2EFA08C-3EF3-4838-8132-388BB6E1655B}.Debug|Any CPU.Build.0 = Debug|Any CPU
		{A2EFA08C-3EF3-4838-8132-388BB6E1655B}.Release|Any CPU.ActiveCfg = Release|Any CPU
		{A2EFA08C-3EF3-4838-8132-388BB6E1655B}.Release|Any CPU.Build.0 = Release|Any CPU
		{97347738-CF85-42E0-AB0A-DCEC1472DF34}.Debug|Any CPU.ActiveCfg = Debug|Any CPU
		{97347738-CF85-42E0-AB0A-DCEC1472DF34}.Debug|Any CPU.Build.0 = Debug|Any CPU
		{97347738-CF85-42E0-AB0A-DCEC1472DF34}.Release|Any CPU.ActiveCfg = Release|Any CPU
		{97347738-CF85-42E0-AB0A-DCEC1472DF34}.Release|Any CPU.Build.0 = Release|Any CPU
		{88F65754-2BFB-45B5-AC4E-F8F1B6F561C3}.Debug|Any CPU.ActiveCfg = Debug|Any CPU
		{88F65754-2BFB-45B5-AC4E-F8F1B6F561C3}.Debug|Any CPU.Build.0 = Debug|Any CPU
		{88F65754-2BFB-45B5-AC4E-F8F1B6F561C3}.Release|Any CPU.ActiveCfg = Release|Any CPU
		{88F65754-2BFB-45B5-AC4E-F8F1B6F561C3}.Release|Any CPU.Build.0 = Release|Any CPU
		{331C502B-1439-4B1E-8AF5-BDB5FA70F1D7}.Debug|Any CPU.ActiveCfg = Debug|Any CPU
		{331C502B-1439-4B1E-8AF5-BDB5FA70F1D7}.Debug|Any CPU.Build.0 = Debug|Any CPU
		{331C502B-1439-4B1E-8AF5-BDB5FA70F1D7}.Release|Any CPU.ActiveCfg = Release|Any CPU
		{331C502B-1439-4B1E-8AF5-BDB5FA70F1D7}.Release|Any CPU.Build.0 = Release|Any CPU
		{AC7E4FBC-B00D-4499-A3CA-B9B554DA506E}.Debug|Any CPU.ActiveCfg = Debug|Any CPU
		{AC7E4FBC-B00D-4499-A3CA-B9B554DA506E}.Debug|Any CPU.Build.0 = Debug|Any CPU
		{AC7E4FBC-B00D-4499-A3CA-B9B554DA506E}.Release|Any CPU.ActiveCfg = Release|Any CPU
		{AC7E4FBC-B00D-4499-A3CA-B9B554DA506E}.Release|Any CPU.Build.0 = Release|Any CPU
		{D8F47055-B915-4E13-A608-0EA3664B7D08}.Debug|Any CPU.ActiveCfg = Debug|Any CPU
		{D8F47055-B915-4E13-A608-0EA3664B7D08}.Debug|Any CPU.Build.0 = Debug|Any CPU
		{D8F47055-B915-4E13-A608-0EA3664B7D08}.Release|Any CPU.ActiveCfg = Release|Any CPU
		{D8F47055-B915-4E13-A608-0EA3664B7D08}.Release|Any CPU.Build.0 = Release|Any CPU
		{746751E5-B0A3-4F32-9326-B1BB8CE9592D}.Debug|Any CPU.ActiveCfg = Debug|Any CPU
		{746751E5-B0A3-4F32-9326-B1BB8CE9592D}.Debug|Any CPU.Build.0 = Debug|Any CPU
		{746751E5-B0A3-4F32-9326-B1BB8CE9592D}.Release|Any CPU.ActiveCfg = Release|Any CPU
		{746751E5-B0A3-4F32-9326-B1BB8CE9592D}.Release|Any CPU.Build.0 = Release|Any CPU
		{503DB8DD-0059-4BA7-959C-B744F0F83D9E}.Debug|Any CPU.ActiveCfg = Debug|Any CPU
		{503DB8DD-0059-4BA7-959C-B744F0F83D9E}.Debug|Any CPU.Build.0 = Debug|Any CPU
		{503DB8DD-0059-4BA7-959C-B744F0F83D9E}.Release|Any CPU.ActiveCfg = Release|Any CPU
		{503DB8DD-0059-4BA7-959C-B744F0F83D9E}.Release|Any CPU.Build.0 = Release|Any CPU
		{18A1755A-19D5-4181-BF8B-282617B4A306}.Debug|Any CPU.ActiveCfg = Debug|Any CPU
		{18A1755A-19D5-4181-BF8B-282617B4A306}.Debug|Any CPU.Build.0 = Debug|Any CPU
		{18A1755A-19D5-4181-BF8B-282617B4A306}.Release|Any CPU.ActiveCfg = Release|Any CPU
		{18A1755A-19D5-4181-BF8B-282617B4A306}.Release|Any CPU.Build.0 = Release|Any CPU
		{559F9AAB-4628-4D2A-BB7A-5B51B858E847}.Debug|Any CPU.ActiveCfg = Debug|Any CPU
		{559F9AAB-4628-4D2A-BB7A-5B51B858E847}.Debug|Any CPU.Build.0 = Debug|Any CPU
		{559F9AAB-4628-4D2A-BB7A-5B51B858E847}.Release|Any CPU.ActiveCfg = Release|Any CPU
		{559F9AAB-4628-4D2A-BB7A-5B51B858E847}.Release|Any CPU.Build.0 = Release|Any CPU
		{336AB3E2-B111-4810-B9E0-33022768EDBE}.Debug|Any CPU.ActiveCfg = Debug|Any CPU
		{336AB3E2-B111-4810-B9E0-33022768EDBE}.Debug|Any CPU.Build.0 = Debug|Any CPU
		{336AB3E2-B111-4810-B9E0-33022768EDBE}.Release|Any CPU.ActiveCfg = Release|Any CPU
		{336AB3E2-B111-4810-B9E0-33022768EDBE}.Release|Any CPU.Build.0 = Release|Any CPU
		{2786D12D-407C-4B6D-AC6B-ACB1E758A327}.Debug|Any CPU.ActiveCfg = Debug|Any CPU
		{2786D12D-407C-4B6D-AC6B-ACB1E758A327}.Debug|Any CPU.Build.0 = Debug|Any CPU
		{2786D12D-407C-4B6D-AC6B-ACB1E758A327}.Release|Any CPU.ActiveCfg = Release|Any CPU
		{2786D12D-407C-4B6D-AC6B-ACB1E758A327}.Release|Any CPU.Build.0 = Release|Any CPU
		{BE52EBE0-1960-43BE-8126-FA954E79FD2C}.Debug|Any CPU.ActiveCfg = Debug|Any CPU
		{BE52EBE0-1960-43BE-8126-FA954E79FD2C}.Debug|Any CPU.Build.0 = Debug|Any CPU
		{BE52EBE0-1960-43BE-8126-FA954E79FD2C}.Release|Any CPU.ActiveCfg = Release|Any CPU
		{BE52EBE0-1960-43BE-8126-FA954E79FD2C}.Release|Any CPU.Build.0 = Release|Any CPU
		{F1FBD176-3706-4075-BF3F-DC20004B53C0}.Debug|Any CPU.ActiveCfg = Debug|Any CPU
		{F1FBD176-3706-4075-BF3F-DC20004B53C0}.Debug|Any CPU.Build.0 = Debug|Any CPU
		{F1FBD176-3706-4075-BF3F-DC20004B53C0}.Release|Any CPU.ActiveCfg = Release|Any CPU
		{F1FBD176-3706-4075-BF3F-DC20004B53C0}.Release|Any CPU.Build.0 = Release|Any CPU
		{3849F85F-3A10-4AF1-96E3-EB2D20FC8F5F}.Debug|Any CPU.ActiveCfg = Debug|Any CPU
		{3849F85F-3A10-4AF1-96E3-EB2D20FC8F5F}.Debug|Any CPU.Build.0 = Debug|Any CPU
		{3849F85F-3A10-4AF1-96E3-EB2D20FC8F5F}.Release|Any CPU.ActiveCfg = Release|Any CPU
		{3849F85F-3A10-4AF1-96E3-EB2D20FC8F5F}.Release|Any CPU.Build.0 = Release|Any CPU
		{D145BDC4-4CAB-443D-9E69-B568FAB2216E}.Debug|Any CPU.ActiveCfg = Debug|Any CPU
		{D145BDC4-4CAB-443D-9E69-B568FAB2216E}.Debug|Any CPU.Build.0 = Debug|Any CPU
		{D145BDC4-4CAB-443D-9E69-B568FAB2216E}.Release|Any CPU.ActiveCfg = Release|Any CPU
		{D145BDC4-4CAB-443D-9E69-B568FAB2216E}.Release|Any CPU.Build.0 = Release|Any CPU
		{CBA1123E-AE6A-4406-BD43-9514F95F4A1F}.Debug|Any CPU.ActiveCfg = Debug|Any CPU
		{CBA1123E-AE6A-4406-BD43-9514F95F4A1F}.Debug|Any CPU.Build.0 = Debug|Any CPU
		{CBA1123E-AE6A-4406-BD43-9514F95F4A1F}.Release|Any CPU.ActiveCfg = Release|Any CPU
		{CBA1123E-AE6A-4406-BD43-9514F95F4A1F}.Release|Any CPU.Build.0 = Release|Any CPU
		{0251DF39-2446-42AA-9120-E097404A4369}.Debug|Any CPU.ActiveCfg = Debug|Any CPU
		{0251DF39-2446-42AA-9120-E097404A4369}.Debug|Any CPU.Build.0 = Debug|Any CPU
		{0251DF39-2446-42AA-9120-E097404A4369}.Release|Any CPU.ActiveCfg = Release|Any CPU
		{0251DF39-2446-42AA-9120-E097404A4369}.Release|Any CPU.Build.0 = Release|Any CPU
		{F5CBB62E-1291-40BA-9CA5-65845DF8F815}.Debug|Any CPU.ActiveCfg = Debug|Any CPU
		{F5CBB62E-1291-40BA-9CA5-65845DF8F815}.Debug|Any CPU.Build.0 = Debug|Any CPU
		{F5CBB62E-1291-40BA-9CA5-65845DF8F815}.Release|Any CPU.ActiveCfg = Release|Any CPU
		{F5CBB62E-1291-40BA-9CA5-65845DF8F815}.Release|Any CPU.Build.0 = Release|Any CPU
		{D9C4D7B9-A918-4FFF-9A93-A8A562393762}.Debug|Any CPU.ActiveCfg = Debug|Any CPU
		{D9C4D7B9-A918-4FFF-9A93-A8A562393762}.Debug|Any CPU.Build.0 = Debug|Any CPU
		{D9C4D7B9-A918-4FFF-9A93-A8A562393762}.Release|Any CPU.ActiveCfg = Release|Any CPU
		{D9C4D7B9-A918-4FFF-9A93-A8A562393762}.Release|Any CPU.Build.0 = Release|Any CPU
		{07D6846E-D71C-45E9-8341-7484ABAB5AC0}.Debug|Any CPU.ActiveCfg = Debug|Any CPU
		{07D6846E-D71C-45E9-8341-7484ABAB5AC0}.Debug|Any CPU.Build.0 = Debug|Any CPU
		{07D6846E-D71C-45E9-8341-7484ABAB5AC0}.Release|Any CPU.ActiveCfg = Release|Any CPU
		{07D6846E-D71C-45E9-8341-7484ABAB5AC0}.Release|Any CPU.Build.0 = Release|Any CPU
		{F826643A-4D87-422F-8974-929DA6CEFDAE}.Debug|Any CPU.ActiveCfg = Debug|Any CPU
		{F826643A-4D87-422F-8974-929DA6CEFDAE}.Debug|Any CPU.Build.0 = Debug|Any CPU
		{F826643A-4D87-422F-8974-929DA6CEFDAE}.Release|Any CPU.ActiveCfg = Release|Any CPU
		{F826643A-4D87-422F-8974-929DA6CEFDAE}.Release|Any CPU.Build.0 = Release|Any CPU
		{48DC3D49-56D6-42BC-869D-772A8DBBF63F}.Debug|Any CPU.ActiveCfg = Debug|Any CPU
		{48DC3D49-56D6-42BC-869D-772A8DBBF63F}.Debug|Any CPU.Build.0 = Debug|Any CPU
		{48DC3D49-56D6-42BC-869D-772A8DBBF63F}.Release|Any CPU.ActiveCfg = Release|Any CPU
		{48DC3D49-56D6-42BC-869D-772A8DBBF63F}.Release|Any CPU.Build.0 = Release|Any CPU
		{D74F0E1B-73A8-45D2-BD09-D01C0172B0E0}.Debug|Any CPU.ActiveCfg = Debug|Any CPU
		{D74F0E1B-73A8-45D2-BD09-D01C0172B0E0}.Debug|Any CPU.Build.0 = Debug|Any CPU
		{D74F0E1B-73A8-45D2-BD09-D01C0172B0E0}.Release|Any CPU.ActiveCfg = Release|Any CPU
		{D74F0E1B-73A8-45D2-BD09-D01C0172B0E0}.Release|Any CPU.Build.0 = Release|Any CPU
		{331C2C24-23DE-4C88-A26B-5F863E8198BE}.Debug|Any CPU.ActiveCfg = Debug|Any CPU
		{331C2C24-23DE-4C88-A26B-5F863E8198BE}.Debug|Any CPU.Build.0 = Debug|Any CPU
		{331C2C24-23DE-4C88-A26B-5F863E8198BE}.Release|Any CPU.ActiveCfg = Release|Any CPU
		{331C2C24-23DE-4C88-A26B-5F863E8198BE}.Release|Any CPU.Build.0 = Release|Any CPU
		{7D294FC1-3D2D-4BD4-81E9-BB71A22302A5}.Debug|Any CPU.ActiveCfg = Debug|Any CPU
		{7D294FC1-3D2D-4BD4-81E9-BB71A22302A5}.Debug|Any CPU.Build.0 = Debug|Any CPU
		{7D294FC1-3D2D-4BD4-81E9-BB71A22302A5}.Release|Any CPU.ActiveCfg = Release|Any CPU
		{7D294FC1-3D2D-4BD4-81E9-BB71A22302A5}.Release|Any CPU.Build.0 = Release|Any CPU
		{5703B595-FFA6-4277-9581-F5A93048A541}.Debug|Any CPU.ActiveCfg = Debug|Any CPU
		{5703B595-FFA6-4277-9581-F5A93048A541}.Debug|Any CPU.Build.0 = Debug|Any CPU
		{5703B595-FFA6-4277-9581-F5A93048A541}.Release|Any CPU.ActiveCfg = Release|Any CPU
		{5703B595-FFA6-4277-9581-F5A93048A541}.Release|Any CPU.Build.0 = Release|Any CPU
		{8F5B3245-544E-41F9-BBA7-407E5BE3E002}.Debug|Any CPU.ActiveCfg = Debug|Any CPU
		{8F5B3245-544E-41F9-BBA7-407E5BE3E002}.Debug|Any CPU.Build.0 = Debug|Any CPU
		{8F5B3245-544E-41F9-BBA7-407E5BE3E002}.Release|Any CPU.ActiveCfg = Release|Any CPU
		{8F5B3245-544E-41F9-BBA7-407E5BE3E002}.Release|Any CPU.Build.0 = Release|Any CPU
		{5F366AEE-3BB0-4AB4-8FC0-9815A18C6502}.Debug|Any CPU.ActiveCfg = Debug|Any CPU
		{5F366AEE-3BB0-4AB4-8FC0-9815A18C6502}.Debug|Any CPU.Build.0 = Debug|Any CPU
		{5F366AEE-3BB0-4AB4-8FC0-9815A18C6502}.Release|Any CPU.ActiveCfg = Release|Any CPU
		{5F366AEE-3BB0-4AB4-8FC0-9815A18C6502}.Release|Any CPU.Build.0 = Release|Any CPU
		{9B3E1B47-B698-4CF0-8E37-39FE7070B752}.Debug|Any CPU.ActiveCfg = Debug|Any CPU
		{9B3E1B47-B698-4CF0-8E37-39FE7070B752}.Debug|Any CPU.Build.0 = Debug|Any CPU
		{9B3E1B47-B698-4CF0-8E37-39FE7070B752}.Release|Any CPU.ActiveCfg = Release|Any CPU
		{9B3E1B47-B698-4CF0-8E37-39FE7070B752}.Release|Any CPU.Build.0 = Release|Any CPU
		{A1737A68-6589-46B1-8FEE-C0E499151F5D}.Debug|Any CPU.ActiveCfg = Debug|Any CPU
		{A1737A68-6589-46B1-8FEE-C0E499151F5D}.Debug|Any CPU.Build.0 = Debug|Any CPU
		{A1737A68-6589-46B1-8FEE-C0E499151F5D}.Release|Any CPU.ActiveCfg = Release|Any CPU
		{A1737A68-6589-46B1-8FEE-C0E499151F5D}.Release|Any CPU.Build.0 = Release|Any CPU
		{DE6A2593-134C-43BF-82A9-26C230F9F97B}.Debug|Any CPU.ActiveCfg = Debug|Any CPU
		{DE6A2593-134C-43BF-82A9-26C230F9F97B}.Debug|Any CPU.Build.0 = Debug|Any CPU
		{DE6A2593-134C-43BF-82A9-26C230F9F97B}.Release|Any CPU.ActiveCfg = Release|Any CPU
		{DE6A2593-134C-43BF-82A9-26C230F9F97B}.Release|Any CPU.Build.0 = Release|Any CPU
		{B146A434-86C8-4AD8-9EC4-BAD25003732E}.Debug|Any CPU.ActiveCfg = Debug|Any CPU
		{B146A434-86C8-4AD8-9EC4-BAD25003732E}.Debug|Any CPU.Build.0 = Debug|Any CPU
		{B146A434-86C8-4AD8-9EC4-BAD25003732E}.Release|Any CPU.ActiveCfg = Release|Any CPU
		{B146A434-86C8-4AD8-9EC4-BAD25003732E}.Release|Any CPU.Build.0 = Release|Any CPU
		{F937F3E8-B922-4816-B468-B627053AFAFF}.Debug|Any CPU.ActiveCfg = Debug|Any CPU
		{F937F3E8-B922-4816-B468-B627053AFAFF}.Debug|Any CPU.Build.0 = Debug|Any CPU
		{F937F3E8-B922-4816-B468-B627053AFAFF}.Release|Any CPU.ActiveCfg = Release|Any CPU
		{F937F3E8-B922-4816-B468-B627053AFAFF}.Release|Any CPU.Build.0 = Release|Any CPU
		{8D3A0B5B-C9FA-41B5-8906-3875D1061577}.Debug|Any CPU.ActiveCfg = Debug|Any CPU
		{8D3A0B5B-C9FA-41B5-8906-3875D1061577}.Debug|Any CPU.Build.0 = Debug|Any CPU
		{8D3A0B5B-C9FA-41B5-8906-3875D1061577}.Release|Any CPU.ActiveCfg = Release|Any CPU
		{8D3A0B5B-C9FA-41B5-8906-3875D1061577}.Release|Any CPU.Build.0 = Release|Any CPU
		{BC0D4F21-C67F-4D15-AD16-DB87865F4325}.Debug|Any CPU.ActiveCfg = Debug|Any CPU
		{BC0D4F21-C67F-4D15-AD16-DB87865F4325}.Debug|Any CPU.Build.0 = Debug|Any CPU
		{BC0D4F21-C67F-4D15-AD16-DB87865F4325}.Release|Any CPU.ActiveCfg = Release|Any CPU
		{BC0D4F21-C67F-4D15-AD16-DB87865F4325}.Release|Any CPU.Build.0 = Release|Any CPU
		{1A4C2FDE-C434-4A30-8025-E14E9000F1FD}.Debug|Any CPU.ActiveCfg = Debug|Any CPU
		{1A4C2FDE-C434-4A30-8025-E14E9000F1FD}.Debug|Any CPU.Build.0 = Debug|Any CPU
		{1A4C2FDE-C434-4A30-8025-E14E9000F1FD}.Release|Any CPU.ActiveCfg = Release|Any CPU
		{1A4C2FDE-C434-4A30-8025-E14E9000F1FD}.Release|Any CPU.Build.0 = Release|Any CPU
		{1FEE0402-7853-4D8A-96B8-C6FA9AB0C3A8}.Debug|Any CPU.ActiveCfg = Debug|Any CPU
		{1FEE0402-7853-4D8A-96B8-C6FA9AB0C3A8}.Debug|Any CPU.Build.0 = Debug|Any CPU
		{1FEE0402-7853-4D8A-96B8-C6FA9AB0C3A8}.Release|Any CPU.ActiveCfg = Release|Any CPU
		{1FEE0402-7853-4D8A-96B8-C6FA9AB0C3A8}.Release|Any CPU.Build.0 = Release|Any CPU
		{1430FF7D-63F7-4FD1-83EB-61A94573AA41}.Debug|Any CPU.ActiveCfg = Debug|Any CPU
		{1430FF7D-63F7-4FD1-83EB-61A94573AA41}.Debug|Any CPU.Build.0 = Debug|Any CPU
		{1430FF7D-63F7-4FD1-83EB-61A94573AA41}.Release|Any CPU.ActiveCfg = Release|Any CPU
		{1430FF7D-63F7-4FD1-83EB-61A94573AA41}.Release|Any CPU.Build.0 = Release|Any CPU
		{62A1738B-FB2B-443F-94C9-C35014E716F4}.Debug|Any CPU.ActiveCfg = Debug|Any CPU
		{62A1738B-FB2B-443F-94C9-C35014E716F4}.Debug|Any CPU.Build.0 = Debug|Any CPU
		{62A1738B-FB2B-443F-94C9-C35014E716F4}.Release|Any CPU.ActiveCfg = Release|Any CPU
		{62A1738B-FB2B-443F-94C9-C35014E716F4}.Release|Any CPU.Build.0 = Release|Any CPU
		{094A535B-FC14-479C-B674-6E1B8A974233}.Debug|Any CPU.ActiveCfg = Debug|Any CPU
		{094A535B-FC14-479C-B674-6E1B8A974233}.Debug|Any CPU.Build.0 = Debug|Any CPU
		{094A535B-FC14-479C-B674-6E1B8A974233}.Release|Any CPU.ActiveCfg = Release|Any CPU
		{094A535B-FC14-479C-B674-6E1B8A974233}.Release|Any CPU.Build.0 = Release|Any CPU
		{A632B254-F22D-4F45-B195-F716E54B3545}.Debug|Any CPU.ActiveCfg = Debug|Any CPU
		{A632B254-F22D-4F45-B195-F716E54B3545}.Debug|Any CPU.Build.0 = Debug|Any CPU
		{A632B254-F22D-4F45-B195-F716E54B3545}.Release|Any CPU.ActiveCfg = Release|Any CPU
		{A632B254-F22D-4F45-B195-F716E54B3545}.Release|Any CPU.Build.0 = Release|Any CPU
		{763B420F-EEB6-49E8-8609-2E017C960AC4}.Debug|Any CPU.ActiveCfg = Debug|Any CPU
		{763B420F-EEB6-49E8-8609-2E017C960AC4}.Debug|Any CPU.Build.0 = Debug|Any CPU
		{763B420F-EEB6-49E8-8609-2E017C960AC4}.Release|Any CPU.ActiveCfg = Release|Any CPU
		{763B420F-EEB6-49E8-8609-2E017C960AC4}.Release|Any CPU.Build.0 = Release|Any CPU
		{5500E242-E536-4F5A-88E2-A2C4D8E4F813}.Debug|Any CPU.ActiveCfg = Debug|Any CPU
		{5500E242-E536-4F5A-88E2-A2C4D8E4F813}.Debug|Any CPU.Build.0 = Debug|Any CPU
		{5500E242-E536-4F5A-88E2-A2C4D8E4F813}.Release|Any CPU.ActiveCfg = Release|Any CPU
		{5500E242-E536-4F5A-88E2-A2C4D8E4F813}.Release|Any CPU.Build.0 = Release|Any CPU
		{B79C022E-261F-4A1B-BD2D-C927EA2F3E10}.Debug|Any CPU.ActiveCfg = Debug|Any CPU
		{B79C022E-261F-4A1B-BD2D-C927EA2F3E10}.Debug|Any CPU.Build.0 = Debug|Any CPU
		{B79C022E-261F-4A1B-BD2D-C927EA2F3E10}.Release|Any CPU.ActiveCfg = Release|Any CPU
		{B79C022E-261F-4A1B-BD2D-C927EA2F3E10}.Release|Any CPU.Build.0 = Release|Any CPU
		{FF10DBFD-9BFE-49D6-B1C1-A6CB89B6BB6D}.Debug|Any CPU.ActiveCfg = Debug|Any CPU
		{FF10DBFD-9BFE-49D6-B1C1-A6CB89B6BB6D}.Debug|Any CPU.Build.0 = Debug|Any CPU
		{FF10DBFD-9BFE-49D6-B1C1-A6CB89B6BB6D}.Release|Any CPU.ActiveCfg = Release|Any CPU
		{FF10DBFD-9BFE-49D6-B1C1-A6CB89B6BB6D}.Release|Any CPU.Build.0 = Release|Any CPU
		{9AEBBB27-BEF4-44CA-8C72-7260A58E4AF5}.Debug|Any CPU.ActiveCfg = Debug|Any CPU
		{9AEBBB27-BEF4-44CA-8C72-7260A58E4AF5}.Debug|Any CPU.Build.0 = Debug|Any CPU
		{9AEBBB27-BEF4-44CA-8C72-7260A58E4AF5}.Release|Any CPU.ActiveCfg = Release|Any CPU
		{9AEBBB27-BEF4-44CA-8C72-7260A58E4AF5}.Release|Any CPU.Build.0 = Release|Any CPU
		{DFCE1EB8-DF39-4A42-989B-A19B16BDABA7}.Debug|Any CPU.ActiveCfg = Debug|Any CPU
		{DFCE1EB8-DF39-4A42-989B-A19B16BDABA7}.Debug|Any CPU.Build.0 = Debug|Any CPU
		{DFCE1EB8-DF39-4A42-989B-A19B16BDABA7}.Release|Any CPU.ActiveCfg = Release|Any CPU
		{DFCE1EB8-DF39-4A42-989B-A19B16BDABA7}.Release|Any CPU.Build.0 = Release|Any CPU
		{248699F4-8D98-40BA-BC57-2E13A853899F}.Debug|Any CPU.ActiveCfg = Debug|Any CPU
		{248699F4-8D98-40BA-BC57-2E13A853899F}.Debug|Any CPU.Build.0 = Debug|Any CPU
		{248699F4-8D98-40BA-BC57-2E13A853899F}.Release|Any CPU.ActiveCfg = Release|Any CPU
		{248699F4-8D98-40BA-BC57-2E13A853899F}.Release|Any CPU.Build.0 = Release|Any CPU
		{5C070738-F7D3-46A0-9ABE-B487A442F5A1}.Debug|Any CPU.ActiveCfg = Debug|Any CPU
		{5C070738-F7D3-46A0-9ABE-B487A442F5A1}.Debug|Any CPU.Build.0 = Debug|Any CPU
		{5C070738-F7D3-46A0-9ABE-B487A442F5A1}.Release|Any CPU.ActiveCfg = Release|Any CPU
		{5C070738-F7D3-46A0-9ABE-B487A442F5A1}.Release|Any CPU.Build.0 = Release|Any CPU
		{E6AEE839-7FD5-428C-AC27-8C2E15BC3A84}.Debug|Any CPU.ActiveCfg = Debug|Any CPU
		{E6AEE839-7FD5-428C-AC27-8C2E15BC3A84}.Debug|Any CPU.Build.0 = Debug|Any CPU
		{E6AEE839-7FD5-428C-AC27-8C2E15BC3A84}.Release|Any CPU.ActiveCfg = Release|Any CPU
		{E6AEE839-7FD5-428C-AC27-8C2E15BC3A84}.Release|Any CPU.Build.0 = Release|Any CPU
		{EB0B6A11-43E2-44DC-9213-EDB80B08B99F}.Debug|Any CPU.ActiveCfg = Debug|Any CPU
		{EB0B6A11-43E2-44DC-9213-EDB80B08B99F}.Debug|Any CPU.Build.0 = Debug|Any CPU
		{EB0B6A11-43E2-44DC-9213-EDB80B08B99F}.Release|Any CPU.ActiveCfg = Release|Any CPU
		{EB0B6A11-43E2-44DC-9213-EDB80B08B99F}.Release|Any CPU.Build.0 = Release|Any CPU
		{08EDDBED-A034-49BF-92EA-2E57CA7BC5B0}.Debug|Any CPU.ActiveCfg = Debug|Any CPU
		{08EDDBED-A034-49BF-92EA-2E57CA7BC5B0}.Debug|Any CPU.Build.0 = Debug|Any CPU
		{08EDDBED-A034-49BF-92EA-2E57CA7BC5B0}.Release|Any CPU.ActiveCfg = Release|Any CPU
		{08EDDBED-A034-49BF-92EA-2E57CA7BC5B0}.Release|Any CPU.Build.0 = Release|Any CPU
		{8259EEDD-30CE-4C9F-99B4-2C13219D076E}.Debug|Any CPU.ActiveCfg = Debug|Any CPU
		{8259EEDD-30CE-4C9F-99B4-2C13219D076E}.Debug|Any CPU.Build.0 = Debug|Any CPU
		{8259EEDD-30CE-4C9F-99B4-2C13219D076E}.Release|Any CPU.ActiveCfg = Release|Any CPU
		{8259EEDD-30CE-4C9F-99B4-2C13219D076E}.Release|Any CPU.Build.0 = Release|Any CPU
		{1823C115-41EC-471D-9CA9-894B005DEE48}.Debug|Any CPU.ActiveCfg = Debug|Any CPU
		{1823C115-41EC-471D-9CA9-894B005DEE48}.Debug|Any CPU.Build.0 = Debug|Any CPU
		{1823C115-41EC-471D-9CA9-894B005DEE48}.Release|Any CPU.ActiveCfg = Release|Any CPU
		{1823C115-41EC-471D-9CA9-894B005DEE48}.Release|Any CPU.Build.0 = Release|Any CPU
		{940C306A-2B85-4910-9E46-DCE65A434AC7}.Debug|Any CPU.ActiveCfg = Debug|Any CPU
		{940C306A-2B85-4910-9E46-DCE65A434AC7}.Debug|Any CPU.Build.0 = Debug|Any CPU
		{940C306A-2B85-4910-9E46-DCE65A434AC7}.Release|Any CPU.ActiveCfg = Release|Any CPU
		{940C306A-2B85-4910-9E46-DCE65A434AC7}.Release|Any CPU.Build.0 = Release|Any CPU
		{A113DF78-9EA5-4B23-8B13-510DEC7F1EDA}.Debug|Any CPU.ActiveCfg = Debug|Any CPU
		{A113DF78-9EA5-4B23-8B13-510DEC7F1EDA}.Debug|Any CPU.Build.0 = Debug|Any CPU
		{A113DF78-9EA5-4B23-8B13-510DEC7F1EDA}.Release|Any CPU.ActiveCfg = Release|Any CPU
		{A113DF78-9EA5-4B23-8B13-510DEC7F1EDA}.Release|Any CPU.Build.0 = Release|Any CPU
		{78A9497C-53AC-4D96-AEF2-121C2EC13B95}.Debug|Any CPU.ActiveCfg = Debug|Any CPU
		{78A9497C-53AC-4D96-AEF2-121C2EC13B95}.Debug|Any CPU.Build.0 = Debug|Any CPU
		{78A9497C-53AC-4D96-AEF2-121C2EC13B95}.Release|Any CPU.ActiveCfg = Release|Any CPU
		{78A9497C-53AC-4D96-AEF2-121C2EC13B95}.Release|Any CPU.Build.0 = Release|Any CPU
		{7ACADB53-1920-4689-ADFA-D2CF3680A825}.Debug|Any CPU.ActiveCfg = Debug|Any CPU
		{7ACADB53-1920-4689-ADFA-D2CF3680A825}.Debug|Any CPU.Build.0 = Debug|Any CPU
		{7ACADB53-1920-4689-ADFA-D2CF3680A825}.Release|Any CPU.ActiveCfg = Release|Any CPU
		{7ACADB53-1920-4689-ADFA-D2CF3680A825}.Release|Any CPU.Build.0 = Release|Any CPU
		{A7990681-D8A4-4005-8E62-BCCCB6C1D139}.Debug|Any CPU.ActiveCfg = Debug|Any CPU
		{A7990681-D8A4-4005-8E62-BCCCB6C1D139}.Debug|Any CPU.Build.0 = Debug|Any CPU
		{A7990681-D8A4-4005-8E62-BCCCB6C1D139}.Release|Any CPU.ActiveCfg = Release|Any CPU
		{A7990681-D8A4-4005-8E62-BCCCB6C1D139}.Release|Any CPU.Build.0 = Release|Any CPU
		{F4B46030-EC2A-4913-88DF-B5CF57738DA1}.Debug|Any CPU.ActiveCfg = Debug|Any CPU
		{F4B46030-EC2A-4913-88DF-B5CF57738DA1}.Debug|Any CPU.Build.0 = Debug|Any CPU
		{F4B46030-EC2A-4913-88DF-B5CF57738DA1}.Release|Any CPU.ActiveCfg = Release|Any CPU
		{F4B46030-EC2A-4913-88DF-B5CF57738DA1}.Release|Any CPU.Build.0 = Release|Any CPU
		{31CC075D-516F-4955-B65E-0A7CC1F0CE24}.Debug|Any CPU.ActiveCfg = Debug|Any CPU
		{31CC075D-516F-4955-B65E-0A7CC1F0CE24}.Debug|Any CPU.Build.0 = Debug|Any CPU
		{31CC075D-516F-4955-B65E-0A7CC1F0CE24}.Release|Any CPU.ActiveCfg = Release|Any CPU
		{31CC075D-516F-4955-B65E-0A7CC1F0CE24}.Release|Any CPU.Build.0 = Release|Any CPU
		{820BE37D-981E-4A9E-9F13-42B95E1678CE}.Debug|Any CPU.ActiveCfg = Debug|Any CPU
		{820BE37D-981E-4A9E-9F13-42B95E1678CE}.Debug|Any CPU.Build.0 = Debug|Any CPU
		{820BE37D-981E-4A9E-9F13-42B95E1678CE}.Release|Any CPU.ActiveCfg = Release|Any CPU
		{820BE37D-981E-4A9E-9F13-42B95E1678CE}.Release|Any CPU.Build.0 = Release|Any CPU
		{3BF53A0A-1481-47B7-A7C0-E3C3AB6C4A79}.Debug|Any CPU.ActiveCfg = Debug|Any CPU
		{3BF53A0A-1481-47B7-A7C0-E3C3AB6C4A79}.Debug|Any CPU.Build.0 = Debug|Any CPU
		{3BF53A0A-1481-47B7-A7C0-E3C3AB6C4A79}.Release|Any CPU.ActiveCfg = Release|Any CPU
		{3BF53A0A-1481-47B7-A7C0-E3C3AB6C4A79}.Release|Any CPU.Build.0 = Release|Any CPU
		{DBC610BE-1539-4EE7-AA2F-B7AD4553177F}.Debug|Any CPU.ActiveCfg = Debug|Any CPU
		{DBC610BE-1539-4EE7-AA2F-B7AD4553177F}.Debug|Any CPU.Build.0 = Debug|Any CPU
		{DBC610BE-1539-4EE7-AA2F-B7AD4553177F}.Release|Any CPU.ActiveCfg = Release|Any CPU
		{DBC610BE-1539-4EE7-AA2F-B7AD4553177F}.Release|Any CPU.Build.0 = Release|Any CPU
		{2E698126-E60B-43C3-85E3-0C7BFFE9B543}.Debug|Any CPU.ActiveCfg = Debug|Any CPU
		{2E698126-E60B-43C3-85E3-0C7BFFE9B543}.Debug|Any CPU.Build.0 = Debug|Any CPU
		{2E698126-E60B-43C3-85E3-0C7BFFE9B543}.Release|Any CPU.ActiveCfg = Release|Any CPU
		{2E698126-E60B-43C3-85E3-0C7BFFE9B543}.Release|Any CPU.Build.0 = Release|Any CPU
		{A19642C7-6BA6-466F-994D-7867AB41B59F}.Debug|Any CPU.ActiveCfg = Debug|Any CPU
		{A19642C7-6BA6-466F-994D-7867AB41B59F}.Debug|Any CPU.Build.0 = Debug|Any CPU
		{A19642C7-6BA6-466F-994D-7867AB41B59F}.Release|Any CPU.ActiveCfg = Release|Any CPU
		{A19642C7-6BA6-466F-994D-7867AB41B59F}.Release|Any CPU.Build.0 = Release|Any CPU
		{3EC2200D-3694-45A2-B010-4B50C63B165A}.Debug|Any CPU.ActiveCfg = Debug|Any CPU
		{3EC2200D-3694-45A2-B010-4B50C63B165A}.Debug|Any CPU.Build.0 = Debug|Any CPU
		{3EC2200D-3694-45A2-B010-4B50C63B165A}.Release|Any CPU.ActiveCfg = Release|Any CPU
		{3EC2200D-3694-45A2-B010-4B50C63B165A}.Release|Any CPU.Build.0 = Release|Any CPU
		{5009A2D6-F25B-4BC7-BEF8-89096E9D116D}.Debug|Any CPU.ActiveCfg = Debug|Any CPU
		{5009A2D6-F25B-4BC7-BEF8-89096E9D116D}.Debug|Any CPU.Build.0 = Debug|Any CPU
		{5009A2D6-F25B-4BC7-BEF8-89096E9D116D}.Release|Any CPU.ActiveCfg = Release|Any CPU
		{5009A2D6-F25B-4BC7-BEF8-89096E9D116D}.Release|Any CPU.Build.0 = Release|Any CPU
		{A14C4F71-B00B-4C2C-8A85-D36E2CBDCEFF}.Debug|Any CPU.ActiveCfg = Debug|Any CPU
		{A14C4F71-B00B-4C2C-8A85-D36E2CBDCEFF}.Debug|Any CPU.Build.0 = Debug|Any CPU
		{A14C4F71-B00B-4C2C-8A85-D36E2CBDCEFF}.Release|Any CPU.ActiveCfg = Release|Any CPU
		{A14C4F71-B00B-4C2C-8A85-D36E2CBDCEFF}.Release|Any CPU.Build.0 = Release|Any CPU
		{5F58CF89-CA26-482F-A6B5-9B516A382206}.Debug|Any CPU.ActiveCfg = Debug|Any CPU
		{5F58CF89-CA26-482F-A6B5-9B516A382206}.Debug|Any CPU.Build.0 = Debug|Any CPU
		{5F58CF89-CA26-482F-A6B5-9B516A382206}.Release|Any CPU.ActiveCfg = Release|Any CPU
		{5F58CF89-CA26-482F-A6B5-9B516A382206}.Release|Any CPU.Build.0 = Release|Any CPU
		{169DD8BD-9469-4D9E-95ED-E1E091EA265C}.Debug|Any CPU.ActiveCfg = Debug|Any CPU
		{169DD8BD-9469-4D9E-95ED-E1E091EA265C}.Debug|Any CPU.Build.0 = Debug|Any CPU
		{169DD8BD-9469-4D9E-95ED-E1E091EA265C}.Release|Any CPU.ActiveCfg = Release|Any CPU
		{169DD8BD-9469-4D9E-95ED-E1E091EA265C}.Release|Any CPU.Build.0 = Release|Any CPU
	EndGlobalSection
EndGlobal
